
Microsoft Visual Studio Solution File, Format Version 12.00
# Visual Studio Version 17
VisualStudioVersion = 17.0.31903.59
MinimumVisualStudioVersion = 10.0.40219.1
Project("{2150E333-8FDC-42A3-9474-1A3956D46DE8}") = "src", "src", "{01F1840A-929A-4164-B8DA-3E8E64F0C059}"
EndProject
Project("{FAE04EC0-301F-11D3-BF4B-00C04F79EFBC}") = "SimpleWebApp.Domain", "src\SimpleWebApp.Domain\SimpleWebApp.Domain.csproj", "{A4F72915-3BBA-406B-B6F9-FE7D2EC52272}"
EndProject
Project("{FAE04EC0-301F-11D3-BF4B-00C04F79EFBC}") = "SimpleWebApp.Data", "src\SimpleWebApp.Data\SimpleWebApp.Data.csproj", "{89F85280-51E6-4720-91C3-7889D85AF06E}"
EndProject
Project("{FAE04EC0-301F-11D3-BF4B-00C04F79EFBC}") = "SimpleWebApp.Api", "src\SimpleWebApp.Api\SimpleWebApp.Api.csproj", "{13557C94-7650-4B6D-A640-0C60E1062AC5}"
EndProject
Project("{FAE04EC0-301F-11D3-BF4B-00C04F79EFBC}") = "SimpleWebApp.Data.Migrations", "src\SimpleWebApp.Data.Migrations\SimpleWebApp.Data.Migrations.csproj", "{6603B9E5-623B-468B-A265-4A930B5159F7}"
EndProject
Project("{2150E333-8FDC-42A3-9474-1A3956D46DE8}") = "test", "test", "{9E47AEE7-5043-4E25-BEAE-956D6575A83E}"
EndProject
Project("{FAE04EC0-301F-11D3-BF4B-00C04F79EFBC}") = "SimpleWebApp.Api.IntegrationTests", "test\SimpleWebApp.Api.IntegrationTests\SimpleWebApp.Api.IntegrationTests.csproj", "{B5BBF08F-728D-4A33-9E9E-0D468BB839BB}"
EndProject
Project("{FAE04EC0-301F-11D3-BF4B-00C04F79EFBC}") = "SimpleWebApp.Api.UnitTests", "test\SimpleWebApp.Api.UnitTests\SimpleWebApp.Api.UnitTests.csproj", "{08328869-6B98-4DDE-9D30-7F1EDA238E5A}"
EndProject
Project("{FAE04EC0-301F-11D3-BF4B-00C04F79EFBC}") = "SimpleWebApp.Core", "src\SimpleWebApp.Core\SimpleWebApp.Core.csproj", "{52AE56D4-2AE9-4E7B-B1F0-411C471CB947}"
EndProject
Global
	GlobalSection(SolutionConfigurationPlatforms) = preSolution
		Debug|Any CPU = Debug|Any CPU
		Release|Any CPU = Release|Any CPU
	EndGlobalSection
	GlobalSection(SolutionProperties) = preSolution
		HideSolutionNode = FALSE
	EndGlobalSection
	GlobalSection(ProjectConfigurationPlatforms) = postSolution
		{A4F72915-3BBA-406B-B6F9-FE7D2EC52272}.Debug|Any CPU.ActiveCfg = Debug|Any CPU
		{A4F72915-3BBA-406B-B6F9-FE7D2EC52272}.Debug|Any CPU.Build.0 = Debug|Any CPU
		{A4F72915-3BBA-406B-B6F9-FE7D2EC52272}.Release|Any CPU.ActiveCfg = Release|Any CPU
		{A4F72915-3BBA-406B-B6F9-FE7D2EC52272}.Release|Any CPU.Build.0 = Release|Any CPU
		{89F85280-51E6-4720-91C3-7889D85AF06E}.Debug|Any CPU.ActiveCfg = Debug|Any CPU
		{89F85280-51E6-4720-91C3-7889D85AF06E}.Debug|Any CPU.Build.0 = Debug|Any CPU
		{89F85280-51E6-4720-91C3-7889D85AF06E}.Release|Any CPU.ActiveCfg = Release|Any CPU
		{89F85280-51E6-4720-91C3-7889D85AF06E}.Release|Any CPU.Build.0 = Release|Any CPU
		{13557C94-7650-4B6D-A640-0C60E1062AC5}.Debug|Any CPU.ActiveCfg = Debug|Any CPU
		{13557C94-7650-4B6D-A640-0C60E1062AC5}.Debug|Any CPU.Build.0 = Debug|Any CPU
		{13557C94-7650-4B6D-A640-0C60E1062AC5}.Release|Any CPU.ActiveCfg = Release|Any CPU
		{13557C94-7650-4B6D-A640-0C60E1062AC5}.Release|Any CPU.Build.0 = Release|Any CPU
		{6603B9E5-623B-468B-A265-4A930B5159F7}.Debug|Any CPU.ActiveCfg = Debug|Any CPU
		{6603B9E5-623B-468B-A265-4A930B5159F7}.Debug|Any CPU.Build.0 = Debug|Any CPU
		{6603B9E5-623B-468B-A265-4A930B5159F7}.Release|Any CPU.ActiveCfg = Release|Any CPU
		{6603B9E5-623B-468B-A265-4A930B5159F7}.Release|Any CPU.Build.0 = Release|Any CPU
		{B5BBF08F-728D-4A33-9E9E-0D468BB839BB}.Debug|Any CPU.ActiveCfg = Debug|Any CPU
		{B5BBF08F-728D-4A33-9E9E-0D468BB839BB}.Debug|Any CPU.Build.0 = Debug|Any CPU
		{B5BBF08F-728D-4A33-9E9E-0D468BB839BB}.Release|Any CPU.ActiveCfg = Release|Any CPU
		{B5BBF08F-728D-4A33-9E9E-0D468BB839BB}.Release|Any CPU.Build.0 = Release|Any CPU
		{08328869-6B98-4DDE-9D30-7F1EDA238E5A}.Debug|Any CPU.ActiveCfg = Debug|Any CPU
		{08328869-6B98-4DDE-9D30-7F1EDA238E5A}.Debug|Any CPU.Build.0 = Debug|Any CPU
		{08328869-6B98-4DDE-9D30-7F1EDA238E5A}.Release|Any CPU.ActiveCfg = Release|Any CPU
		{08328869-6B98-4DDE-9D30-7F1EDA238E5A}.Release|Any CPU.Build.0 = Release|Any CPU
		{52AE56D4-2AE9-4E7B-B1F0-411C471CB947}.Debug|Any CPU.ActiveCfg = Debug|Any CPU
		{52AE56D4-2AE9-4E7B-B1F0-411C471CB947}.Debug|Any CPU.Build.0 = Debug|Any CPU
		{52AE56D4-2AE9-4E7B-B1F0-411C471CB947}.Release|Any CPU.ActiveCfg = Release|Any CPU
		{52AE56D4-2AE9-4E7B-B1F0-411C471CB947}.Release|Any CPU.Build.0 = Release|Any CPU
	EndGlobalSection
	GlobalSection(NestedProjects) = preSolution
		{A4F72915-3BBA-406B-B6F9-FE7D2EC52272} = {01F1840A-929A-4164-B8DA-3E8E64F0C059}
		{89F85280-51E6-4720-91C3-7889D85AF06E} = {01F1840A-929A-4164-B8DA-3E8E64F0C059}
		{13557C94-7650-4B6D-A640-0C60E1062AC5} = {01F1840A-929A-4164-B8DA-3E8E64F0C059}
		{6603B9E5-623B-468B-A265-4A930B5159F7} = {01F1840A-929A-4164-B8DA-3E8E64F0C059}
		{B5BBF08F-728D-4A33-9E9E-0D468BB839BB} = {9E47AEE7-5043-4E25-BEAE-956D6575A83E}
		{08328869-6B98-4DDE-9D30-7F1EDA238E5A} = {9E47AEE7-5043-4E25-BEAE-956D6575A83E}
		{52AE56D4-2AE9-4E7B-B1F0-411C471CB947} = {01F1840A-929A-4164-B8DA-3E8E64F0C059}
	EndGlobalSection
EndGlobal
